# This file is automatically @generated by Cargo.
# It is not intended for manual editing.
version = 3

[[package]]
name = "ecow"
version = "0.2.3"
source = "registry+https://github.com/rust-lang/crates.io-index"
checksum = "e42fc0a93992b20c58b99e59d61eaf1635a25bfbe49e4275c34ba0aee98119ba"

[[package]]
name = "kai"
version = "0.1.0"
dependencies = [
 "kai-core",
]

[[package]]
name = "kai-core"
version = "0.1.0"
dependencies = [
 "ecow",
 "thin-vec",
]

[[package]]
name = "thin-vec"
version = "0.2.13"
source = "registry+https://github.com/rust-lang/crates.io-index"
checksum = "a38c90d48152c236a3ab59271da4f4ae63d678c5d7ad6b7714d7cb9760be5e4b"
